
Microsoft Visual Studio Solution File, Format Version 12.00
# Visual Studio Version 16
VisualStudioVersion = 16.0.30413.136
MinimumVisualStudioVersion = 10.0.40219.1
Project("{9A19103F-16F7-4668-BE54-9A1E7A4F7556}") = "Exercise5", "Exercise5\Exercise5.csproj", "{04E50F96-1CC5-4200-901E-3547A681A79B}"
EndProject
Global
	GlobalSection(SolutionConfigurationPlatforms) = preSolution
		Debug|Any CPU = Debug|Any CPU
		Release|Any CPU = Release|Any CPU
	EndGlobalSection
	GlobalSection(ProjectConfigurationPlatforms) = postSolution
		{04E50F96-1CC5-4200-901E-3547A681A79B}.Debug|Any CPU.ActiveCfg = Debug|Any CPU
		{04E50F96-1CC5-4200-901E-3547A681A79B}.Debug|Any CPU.Build.0 = Debug|Any CPU
		{04E50F96-1CC5-4200-901E-3547A681A79B}.Release|Any CPU.ActiveCfg = Release|Any CPU
		{04E50F96-1CC5-4200-901E-3547A681A79B}.Release|Any CPU.Build.0 = Release|Any CPU
	EndGlobalSection
	GlobalSection(SolutionProperties) = preSolution
		HideSolutionNode = FALSE
	EndGlobalSection
	GlobalSection(ExtensibilityGlobals) = postSolution
		SolutionGuid = {5465544C-5B8A-4E04-94D1-3D132E81ABAA}
	EndGlobalSection
EndGlobal
